
Microsoft Visual Studio Solution File, Format Version 12.00
# Visual Studio 2013
VisualStudioVersion = 12.0.31101.0
MinimumVisualStudioVersion = 10.0.40219.1
Project("{8BC9CEB8-8B4A-11D0-8D11-00A0C91BC942}") = "bench", "bench.vcxproj", "{425AA3C2-7CC8-4450-A460-0BDE25805F5F}"
EndProject
Project("{8BC9CEB8-8B4A-11D0-8D11-00A0C91BC942}") = "browser", "browser.vcxproj", "{95F9DE40-E1DB-433F-B710-E87296A0E473}"
EndProject
Project("{8BC9CEB8-8B4A-11D0-8D11-00A0C91BC942}") = "codger", "codger.vcxproj", "{CB340131-1D09-45EB-8A1C-F2803F5309C0}"
EndProject
Project("{8BC9CEB8-8B4A-11D0-8D11-00A0C91BC942}") = "drat", "drat.vcxproj", "{F698872C-A1C9-4EA5-ADC7-D1880EAE153E}"
EndProject
Project("{8BC9CEB8-8B4A-11D0-8D11-00A0C91BC942}") = "gist", "gist.vcxproj", "{048BF10F-9D64-45B6-B166-56DAA44B336B}"
EndProject
Project("{8BC9CEB8-8B4A-11D0-8D11-00A0C91BC942}") = "hex", "hex.vcxproj", "{6F50A4EB-4E67-4289-B50D-84FF4094581D}"
EndProject
Project("{8BC9CEB8-8B4A-11D0-8D11-00A0C91BC942}") = "numfmt", "numfmt.vcxproj", "{16ED75F2-791B-490E-9082-0E8D2FFB6C16}"
EndProject
Project("{8BC9CEB8-8B4A-11D0-8D11-00A0C91BC942}") = "play", "play.vcxproj", "{5A9F0AEB-CDBC-4D61-B878-A43EA4BD8FBC}"
EndProject
Project("{8BC9CEB8-8B4A-11D0-8D11-00A0C91BC942}") = "setup", "setup.vcxproj", "{C6A8C75C-1599-4433-B94D-DB5258BF1779}"
EndProject
Project("{8BC9CEB8-8B4A-11D0-8D11-00A0C91BC942}") = "test2d", "test2d.vcxproj", "{4531F42F-CA1F-47E4-9617-4388231EEA84}"
EndProject
Project("{8BC9CEB8-8B4A-11D0-8D11-00A0C91BC942}") = "test3d", "test3d.vcxproj", "{47205D55-E83E-4403-85C6-232BD835D9E3}"
EndProject
Project("{8BC9CEB8-8B4A-11D0-8D11-00A0C91BC942}") = "yflat", "yflat.vcxproj", "{C0523648-3F4A-4E0B-8902-4BE9D61F20CE}"
EndProject
Project("{8BC9CEB8-8B4A-11D0-8D11-00A0C91BC942}") = "yorick", "yorick.vcxproj", "{4C7A3D2D-0195-409D-A980-9C32B5B99EBB}"
EndProject
Project("{8BC9CEB8-8B4A-11D0-8D11-00A0C91BC942}") = "yorlib", "yorlib.vcxproj", "{2F49CAF3-77E1-4F1C-A1D5-3C7B0192DAF7}"
EndProject
Global
	GlobalSection(SolutionConfigurationPlatforms) = preSolution
		Debug|Win32 = Debug|Win32
		Debug|x64 = Debug|x64
		Release|Win32 = Release|Win32
		Release|x64 = Release|x64
		Template|Win32 = Template|Win32
		Template|x64 = Template|x64
	EndGlobalSection
	GlobalSection(ProjectConfigurationPlatforms) = postSolution
		{425AA3C2-7CC8-4450-A460-0BDE25805F5F}.Debug|Win32.ActiveCfg = Debug|Win32
		{425AA3C2-7CC8-4450-A460-0BDE25805F5F}.Debug|Win32.Build.0 = Debug|Win32
		{425AA3C2-7CC8-4450-A460-0BDE25805F5F}.Debug|x64.ActiveCfg = Debug|x64
		{425AA3C2-7CC8-4450-A460-0BDE25805F5F}.Debug|x64.Build.0 = Debug|x64
		{425AA3C2-7CC8-4450-A460-0BDE25805F5F}.Release|Win32.ActiveCfg = Release|Win32
		{425AA3C2-7CC8-4450-A460-0BDE25805F5F}.Release|Win32.Build.0 = Release|Win32
		{425AA3C2-7CC8-4450-A460-0BDE25805F5F}.Release|x64.ActiveCfg = Release|x64
		{425AA3C2-7CC8-4450-A460-0BDE25805F5F}.Release|x64.Build.0 = Release|x64
		{425AA3C2-7CC8-4450-A460-0BDE25805F5F}.Template|Win32.ActiveCfg = Release|Win32
		{425AA3C2-7CC8-4450-A460-0BDE25805F5F}.Template|Win32.Build.0 = Release|Win32
		{425AA3C2-7CC8-4450-A460-0BDE25805F5F}.Template|x64.ActiveCfg = Release|x64
		{425AA3C2-7CC8-4450-A460-0BDE25805F5F}.Template|x64.Build.0 = Release|x64
		{95F9DE40-E1DB-433F-B710-E87296A0E473}.Debug|Win32.ActiveCfg = Debug|Win32
		{95F9DE40-E1DB-433F-B710-E87296A0E473}.Debug|Win32.Build.0 = Debug|Win32
		{95F9DE40-E1DB-433F-B710-E87296A0E473}.Debug|x64.ActiveCfg = Debug|x64
		{95F9DE40-E1DB-433F-B710-E87296A0E473}.Debug|x64.Build.0 = Debug|x64
		{95F9DE40-E1DB-433F-B710-E87296A0E473}.Release|Win32.ActiveCfg = Release|Win32
		{95F9DE40-E1DB-433F-B710-E87296A0E473}.Release|Win32.Build.0 = Release|Win32
		{95F9DE40-E1DB-433F-B710-E87296A0E473}.Release|x64.ActiveCfg = Release|x64
		{95F9DE40-E1DB-433F-B710-E87296A0E473}.Release|x64.Build.0 = Release|x64
		{95F9DE40-E1DB-433F-B710-E87296A0E473}.Template|Win32.ActiveCfg = Template|Win32
		{95F9DE40-E1DB-433F-B710-E87296A0E473}.Template|Win32.Build.0 = Template|Win32
		{95F9DE40-E1DB-433F-B710-E87296A0E473}.Template|x64.ActiveCfg = Template|x64
		{95F9DE40-E1DB-433F-B710-E87296A0E473}.Template|x64.Build.0 = Template|x64
		{CB340131-1D09-45EB-8A1C-F2803F5309C0}.Debug|Win32.ActiveCfg = Debug|Win32
		{CB340131-1D09-45EB-8A1C-F2803F5309C0}.Debug|Win32.Build.0 = Debug|Win32
		{CB340131-1D09-45EB-8A1C-F2803F5309C0}.Debug|x64.ActiveCfg = Debug|x64
		{CB340131-1D09-45EB-8A1C-F2803F5309C0}.Debug|x64.Build.0 = Debug|x64
		{CB340131-1D09-45EB-8A1C-F2803F5309C0}.Release|Win32.ActiveCfg = Release|Win32
		{CB340131-1D09-45EB-8A1C-F2803F5309C0}.Release|Win32.Build.0 = Release|Win32
		{CB340131-1D09-45EB-8A1C-F2803F5309C0}.Release|x64.ActiveCfg = Release|x64
		{CB340131-1D09-45EB-8A1C-F2803F5309C0}.Release|x64.Build.0 = Release|x64
		{CB340131-1D09-45EB-8A1C-F2803F5309C0}.Template|Win32.ActiveCfg = Template|Win32
		{CB340131-1D09-45EB-8A1C-F2803F5309C0}.Template|Win32.Build.0 = Template|Win32
		{CB340131-1D09-45EB-8A1C-F2803F5309C0}.Template|x64.ActiveCfg = Template|x64
		{CB340131-1D09-45EB-8A1C-F2803F5309C0}.Template|x64.Build.0 = Template|x64
		{F698872C-A1C9-4EA5-ADC7-D1880EAE153E}.Debug|Win32.ActiveCfg = Debug|Win32
		{F698872C-A1C9-4EA5-ADC7-D1880EAE153E}.Debug|Win32.Build.0 = Debug|Win32
		{F698872C-A1C9-4EA5-ADC7-D1880EAE153E}.Debug|x64.ActiveCfg = Debug|x64
		{F698872C-A1C9-4EA5-ADC7-D1880EAE153E}.Debug|x64.Build.0 = Debug|x64
		{F698872C-A1C9-4EA5-ADC7-D1880EAE153E}.Release|Win32.ActiveCfg = Release|Win32
		{F698872C-A1C9-4EA5-ADC7-D1880EAE153E}.Release|Win32.Build.0 = Release|Win32
		{F698872C-A1C9-4EA5-ADC7-D1880EAE153E}.Release|x64.ActiveCfg = Release|x64
		{F698872C-A1C9-4EA5-ADC7-D1880EAE153E}.Release|x64.Build.0 = Release|x64
		{F698872C-A1C9-4EA5-ADC7-D1880EAE153E}.Template|Win32.ActiveCfg = Template|Win32
		{F698872C-A1C9-4EA5-ADC7-D1880EAE153E}.Template|Win32.Build.0 = Template|Win32
		{F698872C-A1C9-4EA5-ADC7-D1880EAE153E}.Template|x64.ActiveCfg = Template|x64
		{F698872C-A1C9-4EA5-ADC7-D1880EAE153E}.Template|x64.Build.0 = Template|x64
		{048BF10F-9D64-45B6-B166-56DAA44B336B}.Debug|Win32.ActiveCfg = Debug|Win32
		{048BF10F-9D64-45B6-B166-56DAA44B336B}.Debug|Win32.Build.0 = Debug|Win32
		{048BF10F-9D64-45B6-B166-56DAA44B336B}.Debug|x64.ActiveCfg = Debug|x64
		{048BF10F-9D64-45B6-B166-56DAA44B336B}.Debug|x64.Build.0 = Debug|x64
		{048BF10F-9D64-45B6-B166-56DAA44B336B}.Release|Win32.ActiveCfg = Release|Win32
		{048BF10F-9D64-45B6-B166-56DAA44B336B}.Release|Win32.Build.0 = Release|Win32
		{048BF10F-9D64-45B6-B166-56DAA44B336B}.Release|x64.ActiveCfg = Release|x64
		{048BF10F-9D64-45B6-B166-56DAA44B336B}.Release|x64.Build.0 = Release|x64
		{048BF10F-9D64-45B6-B166-56DAA44B336B}.Template|Win32.ActiveCfg = Template|Win32
		{048BF10F-9D64-45B6-B166-56DAA44B336B}.Template|Win32.Build.0 = Template|Win32
		{048BF10F-9D64-45B6-B166-56DAA44B336B}.Template|x64.ActiveCfg = Template|x64
		{048BF10F-9D64-45B6-B166-56DAA44B336B}.Template|x64.Build.0 = Template|x64
		{6F50A4EB-4E67-4289-B50D-84FF4094581D}.Debug|Win32.ActiveCfg = Debug|Win32
		{6F50A4EB-4E67-4289-B50D-84FF4094581D}.Debug|Win32.Build.0 = Debug|Win32
		{6F50A4EB-4E67-4289-B50D-84FF4094581D}.Debug|x64.ActiveCfg = Debug|x64
		{6F50A4EB-4E67-4289-B50D-84FF4094581D}.Debug|x64.Build.0 = Debug|x64
		{6F50A4EB-4E67-4289-B50D-84FF4094581D}.Release|Win32.ActiveCfg = Release|Win32
		{6F50A4EB-4E67-4289-B50D-84FF4094581D}.Release|Win32.Build.0 = Release|Win32
		{6F50A4EB-4E67-4289-B50D-84FF4094581D}.Release|x64.ActiveCfg = Release|x64
		{6F50A4EB-4E67-4289-B50D-84FF4094581D}.Release|x64.Build.0 = Release|x64
		{6F50A4EB-4E67-4289-B50D-84FF4094581D}.Template|Win32.ActiveCfg = Template|Win32
		{6F50A4EB-4E67-4289-B50D-84FF4094581D}.Template|Win32.Build.0 = Template|Win32
		{6F50A4EB-4E67-4289-B50D-84FF4094581D}.Template|x64.ActiveCfg = Template|x64
		{6F50A4EB-4E67-4289-B50D-84FF4094581D}.Template|x64.Build.0 = Template|x64
		{16ED75F2-791B-490E-9082-0E8D2FFB6C16}.Debug|Win32.ActiveCfg = Debug|Win32
		{16ED75F2-791B-490E-9082-0E8D2FFB6C16}.Debug|Win32.Build.0 = Debug|Win32
		{16ED75F2-791B-490E-9082-0E8D2FFB6C16}.Debug|x64.ActiveCfg = Debug|x64
		{16ED75F2-791B-490E-9082-0E8D2FFB6C16}.Debug|x64.Build.0 = Debug|x64
		{16ED75F2-791B-490E-9082-0E8D2FFB6C16}.Release|Win32.ActiveCfg = Release|Win32
		{16ED75F2-791B-490E-9082-0E8D2FFB6C16}.Release|Win32.Build.0 = Release|Win32
		{16ED75F2-791B-490E-9082-0E8D2FFB6C16}.Release|x64.ActiveCfg = Release|x64
		{16ED75F2-791B-490E-9082-0E8D2FFB6C16}.Release|x64.Build.0 = Release|x64
		{16ED75F2-791B-490E-9082-0E8D2FFB6C16}.Template|Win32.ActiveCfg = Template|Win32
		{16ED75F2-791B-490E-9082-0E8D2FFB6C16}.Template|Win32.Build.0 = Template|Win32
		{16ED75F2-791B-490E-9082-0E8D2FFB6C16}.Template|x64.ActiveCfg = Template|x64
		{16ED75F2-791B-490E-9082-0E8D2FFB6C16}.Template|x64.Build.0 = Template|x64
		{5A9F0AEB-CDBC-4D61-B878-A43EA4BD8FBC}.Debug|Win32.ActiveCfg = Debug|Win32
		{5A9F0AEB-CDBC-4D61-B878-A43EA4BD8FBC}.Debug|Win32.Build.0 = Debug|Win32
		{5A9F0AEB-CDBC-4D61-B878-A43EA4BD8FBC}.Debug|x64.ActiveCfg = Debug|x64
		{5A9F0AEB-CDBC-4D61-B878-A43EA4BD8FBC}.Debug|x64.Build.0 = Debug|x64
		{5A9F0AEB-CDBC-4D61-B878-A43EA4BD8FBC}.Release|Win32.ActiveCfg = Release|Win32
		{5A9F0AEB-CDBC-4D61-B878-A43EA4BD8FBC}.Release|Win32.Build.0 = Release|Win32
		{5A9F0AEB-CDBC-4D61-B878-A43EA4BD8FBC}.Release|x64.ActiveCfg = Release|x64
		{5A9F0AEB-CDBC-4D61-B878-A43EA4BD8FBC}.Release|x64.Build.0 = Release|x64
		{5A9F0AEB-CDBC-4D61-B878-A43EA4BD8FBC}.Template|Win32.ActiveCfg = Template|Win32
		{5A9F0AEB-CDBC-4D61-B878-A43EA4BD8FBC}.Template|Win32.Build.0 = Template|Win32
		{5A9F0AEB-CDBC-4D61-B878-A43EA4BD8FBC}.Template|x64.ActiveCfg = Template|x64
		{5A9F0AEB-CDBC-4D61-B878-A43EA4BD8FBC}.Template|x64.Build.0 = Template|x64
		{C6A8C75C-1599-4433-B94D-DB5258BF1779}.Debug|Win32.ActiveCfg = Debug|Win32
		{C6A8C75C-1599-4433-B94D-DB5258BF1779}.Debug|Win32.Build.0 = Debug|Win32
		{C6A8C75C-1599-4433-B94D-DB5258BF1779}.Debug|x64.ActiveCfg = Debug|x64
		{C6A8C75C-1599-4433-B94D-DB5258BF1779}.Debug|x64.Build.0 = Debug|x64
		{C6A8C75C-1599-4433-B94D-DB5258BF1779}.Release|Win32.ActiveCfg = Release|Win32
		{C6A8C75C-1599-4433-B94D-DB5258BF1779}.Release|Win32.Build.0 = Release|Win32
		{C6A8C75C-1599-4433-B94D-DB5258BF1779}.Release|x64.ActiveCfg = Release|x64
		{C6A8C75C-1599-4433-B94D-DB5258BF1779}.Release|x64.Build.0 = Release|x64
		{C6A8C75C-1599-4433-B94D-DB5258BF1779}.Template|Win32.ActiveCfg = Template|Win32
		{C6A8C75C-1599-4433-B94D-DB5258BF1779}.Template|Win32.Build.0 = Template|Win32
		{C6A8C75C-1599-4433-B94D-DB5258BF1779}.Template|x64.ActiveCfg = Template|x64
		{C6A8C75C-1599-4433-B94D-DB5258BF1779}.Template|x64.Build.0 = Template|x64
		{4531F42F-CA1F-47E4-9617-4388231EEA84}.Debug|Win32.ActiveCfg = Debug|Win32
		{4531F42F-CA1F-47E4-9617-4388231EEA84}.Debug|Win32.Build.0 = Debug|Win32
		{4531F42F-CA1F-47E4-9617-4388231EEA84}.Debug|x64.ActiveCfg = Debug|x64
		{4531F42F-CA1F-47E4-9617-4388231EEA84}.Debug|x64.Build.0 = Debug|x64
		{4531F42F-CA1F-47E4-9617-4388231EEA84}.Release|Win32.ActiveCfg = Release|Win32
		{4531F42F-CA1F-47E4-9617-4388231EEA84}.Release|Win32.Build.0 = Release|Win32
		{4531F42F-CA1F-47E4-9617-4388231EEA84}.Release|x64.ActiveCfg = Release|x64
		{4531F42F-CA1F-47E4-9617-4388231EEA84}.Release|x64.Build.0 = Release|x64
		{4531F42F-CA1F-47E4-9617-4388231EEA84}.Template|Win32.ActiveCfg = Template|Win32
		{4531F42F-CA1F-47E4-9617-4388231EEA84}.Template|Win32.Build.0 = Template|Win32
		{4531F42F-CA1F-47E4-9617-4388231EEA84}.Template|x64.ActiveCfg = Template|x64
		{4531F42F-CA1F-47E4-9617-4388231EEA84}.Template|x64.Build.0 = Template|x64
		{47205D55-E83E-4403-85C6-232BD835D9E3}.Debug|Win32.ActiveCfg = Debug|Win32
		{47205D55-E83E-4403-85C6-232BD835D9E3}.Debug|Win32.Build.0 = Debug|Win32
		{47205D55-E83E-4403-85C6-232BD835D9E3}.Debug|x64.ActiveCfg = Debug|x64
		{47205D55-E83E-4403-85C6-232BD835D9E3}.Debug|x64.Build.0 = Debug|x64
		{47205D55-E83E-4403-85C6-232BD835D9E3}.Release|Win32.ActiveCfg = Release|Win32
		{47205D55-E83E-4403-85C6-232BD835D9E3}.Release|Win32.Build.0 = Release|Win32
		{47205D55-E83E-4403-85C6-232BD835D9E3}.Release|x64.ActiveCfg = Release|x64
		{47205D55-E83E-4403-85C6-232BD835D9E3}.Release|x64.Build.0 = Release|x64
		{47205D55-E83E-4403-85C6-232BD835D9E3}.Template|Win32.ActiveCfg = Template|Win32
		{47205D55-E83E-4403-85C6-232BD835D9E3}.Template|Win32.Build.0 = Template|Win32
		{47205D55-E83E-4403-85C6-232BD835D9E3}.Template|x64.ActiveCfg = Template|x64
		{47205D55-E83E-4403-85C6-232BD835D9E3}.Template|x64.Build.0 = Template|x64
		{C0523648-3F4A-4E0B-8902-4BE9D61F20CE}.Debug|Win32.ActiveCfg = Debug|Win32
		{C0523648-3F4A-4E0B-8902-4BE9D61F20CE}.Debug|Win32.Build.0 = Debug|Win32
		{C0523648-3F4A-4E0B-8902-4BE9D61F20CE}.Debug|x64.ActiveCfg = Debug|x64
		{C0523648-3F4A-4E0B-8902-4BE9D61F20CE}.Debug|x64.Build.0 = Debug|x64
		{C0523648-3F4A-4E0B-8902-4BE9D61F20CE}.Release|Win32.ActiveCfg = Release|Win32
		{C0523648-3F4A-4E0B-8902-4BE9D61F20CE}.Release|Win32.Build.0 = Release|Win32
		{C0523648-3F4A-4E0B-8902-4BE9D61F20CE}.Release|x64.ActiveCfg = Release|x64
		{C0523648-3F4A-4E0B-8902-4BE9D61F20CE}.Release|x64.Build.0 = Release|x64
		{C0523648-3F4A-4E0B-8902-4BE9D61F20CE}.Template|Win32.ActiveCfg = Template|Win32
		{C0523648-3F4A-4E0B-8902-4BE9D61F20CE}.Template|Win32.Build.0 = Template|Win32
		{C0523648-3F4A-4E0B-8902-4BE9D61F20CE}.Template|x64.ActiveCfg = Template|x64
		{C0523648-3F4A-4E0B-8902-4BE9D61F20CE}.Template|x64.Build.0 = Template|x64
		{4C7A3D2D-0195-409D-A980-9C32B5B99EBB}.Debug|Win32.ActiveCfg = Debug|Win32
		{4C7A3D2D-0195-409D-A980-9C32B5B99EBB}.Debug|Win32.Build.0 = Debug|Win32
		{4C7A3D2D-0195-409D-A980-9C32B5B99EBB}.Debug|x64.ActiveCfg = Debug|x64
		{4C7A3D2D-0195-409D-A980-9C32B5B99EBB}.Debug|x64.Build.0 = Debug|x64
		{4C7A3D2D-0195-409D-A980-9C32B5B99EBB}.Release|Win32.ActiveCfg = Release|Win32
		{4C7A3D2D-0195-409D-A980-9C32B5B99EBB}.Release|Win32.Build.0 = Release|Win32
		{4C7A3D2D-0195-409D-A980-9C32B5B99EBB}.Release|x64.ActiveCfg = Release|x64
		{4C7A3D2D-0195-409D-A980-9C32B5B99EBB}.Release|x64.Build.0 = Release|x64
		{4C7A3D2D-0195-409D-A980-9C32B5B99EBB}.Template|Win32.ActiveCfg = Template|Win32
		{4C7A3D2D-0195-409D-A980-9C32B5B99EBB}.Template|Win32.Build.0 = Template|Win32
		{4C7A3D2D-0195-409D-A980-9C32B5B99EBB}.Template|x64.ActiveCfg = Template|x64
		{4C7A3D2D-0195-409D-A980-9C32B5B99EBB}.Template|x64.Build.0 = Template|x64
		{2F49CAF3-77E1-4F1C-A1D5-3C7B0192DAF7}.Debug|Win32.ActiveCfg = Debug|Win32
		{2F49CAF3-77E1-4F1C-A1D5-3C7B0192DAF7}.Debug|Win32.Build.0 = Debug|Win32
		{2F49CAF3-77E1-4F1C-A1D5-3C7B0192DAF7}.Debug|x64.ActiveCfg = Debug|x64
		{2F49CAF3-77E1-4F1C-A1D5-3C7B0192DAF7}.Debug|x64.Build.0 = Debug|x64
		{2F49CAF3-77E1-4F1C-A1D5-3C7B0192DAF7}.Release|Win32.ActiveCfg = Release|Win32
		{2F49CAF3-77E1-4F1C-A1D5-3C7B0192DAF7}.Release|Win32.Build.0 = Release|Win32
		{2F49CAF3-77E1-4F1C-A1D5-3C7B0192DAF7}.Release|x64.ActiveCfg = Release|x64
		{2F49CAF3-77E1-4F1C-A1D5-3C7B0192DAF7}.Release|x64.Build.0 = Release|x64
		{2F49CAF3-77E1-4F1C-A1D5-3C7B0192DAF7}.Template|Win32.ActiveCfg = Template|Win32
		{2F49CAF3-77E1-4F1C-A1D5-3C7B0192DAF7}.Template|Win32.Build.0 = Template|Win32
		{2F49CAF3-77E1-4F1C-A1D5-3C7B0192DAF7}.Template|x64.ActiveCfg = Template|x64
		{2F49CAF3-77E1-4F1C-A1D5-3C7B0192DAF7}.Template|x64.Build.0 = Template|x64
	EndGlobalSection
	GlobalSection(SolutionProperties) = preSolution
		HideSolutionNode = FALSE
	EndGlobalSection
EndGlobal
